
Microsoft Visual Studio Solution File, Format Version 12.00
# Visual Studio Version 17
VisualStudioVersion = 17.4.33213.308
MinimumVisualStudioVersion = 10.0.40219.1
Project("{FAE04EC0-301F-11D3-BF4B-00C04F79EFBC}") = "MDK9", "MDK9\MDK9.csproj", "{B7FC078E-687E-40FD-827E-AF18C8ECA3A8}"
EndProject
Global
	GlobalSection(SolutionConfigurationPlatforms) = preSolution
		Debug|Any CPU = Debug|Any CPU
		Release|Any CPU = Release|Any CPU
	EndGlobalSection
	GlobalSection(ProjectConfigurationPlatforms) = postSolution
		{B7FC078E-687E-40FD-827E-AF18C8ECA3A8}.Debug|Any CPU.ActiveCfg = Debug|Any CPU
		{B7FC078E-687E-40FD-827E-AF18C8ECA3A8}.Debug|Any CPU.Build.0 = Debug|Any CPU
		{B7FC078E-687E-40FD-827E-AF18C8ECA3A8}.Release|Any CPU.ActiveCfg = Release|Any CPU
		{B7FC078E-687E-40FD-827E-AF18C8ECA3A8}.Release|Any CPU.Build.0 = Release|Any CPU
	EndGlobalSection
	GlobalSection(SolutionProperties) = preSolution
		HideSolutionNode = FALSE
	EndGlobalSection
	GlobalSection(ExtensibilityGlobals) = postSolution
		SolutionGuid = {8872A9E7-CF46-4513-8ED1-9CA852C4DD0E}
	EndGlobalSection
EndGlobal
